{
  "object": {
    "pins": [
      {
        "package": "CBGPromise",
        "repositoryURL": "https://github.com/cbguder/CBGPromise.git",
        "state": {
          "branch": null,
          "revision": "136a811a40a50cc1ed8656396cd31365aa72ac8e",
          "version": "0.6.0"
        }
      }
    ]
  },
  "version": 1
}
